
Microsoft Visual Studio Solution File, Format Version 12.00
# Visual Studio 2013
VisualStudioVersion = 12.0.31101.0
MinimumVisualStudioVersion = 10.0.40219.1
Project("{FAE04EC0-301F-11D3-BF4B-00C04F79EFBC}") = "LuBox", "LuBox\LuBox.csproj", "{BA0D0859-8331-4E87-A8AF-FCDB5CA85C17}"
EndProject
Project("{FAE04EC0-301F-11D3-BF4B-00C04F79EFBC}") = "LuBox.ParserGenerator", "LuBox.Parser\LuBox.ParserGenerator.csproj", "{26510FBD-D343-460B-AB86-562824CBCF9C}"
EndProject
Project("{FAE04EC0-301F-11D3-BF4B-00C04F79EFBC}") = "LuBox.Test", "LuBox.Test\LuBox.Test.csproj", "{1EC944A5-D491-441D-B3DF-7AC9A2C868DD}"
EndProject
Project("{2150E333-8FDC-42A3-9474-1A3956D46DE8}") = "Solution Items", "Solution Items", "{1AF22EAF-FD91-43F5-A89B-72D3034C3ECF}"
	ProjectSection(SolutionItems) = preProject
		Performance1.psess = Performance1.psess
		Performance2.psess = Performance2.psess
		Performance3.psess = Performance3.psess
	EndProjectSection
EndProject
Project("{FAE04EC0-301F-11D3-BF4B-00C04F79EFBC}") = "LuBox.PerformanceTests", "LuBox.PerformanceTests\LuBox.PerformanceTests.csproj", "{CCBF9274-3B5D-410D-AAF3-C67C6394FD68}"
EndProject
Global
	GlobalSection(SolutionConfigurationPlatforms) = preSolution
		Debug|Any CPU = Debug|Any CPU
		Release|Any CPU = Release|Any CPU
	EndGlobalSection
	GlobalSection(ProjectConfigurationPlatforms) = postSolution
		{BA0D0859-8331-4E87-A8AF-FCDB5CA85C17}.Debug|Any CPU.ActiveCfg = Debug|Any CPU
		{BA0D0859-8331-4E87-A8AF-FCDB5CA85C17}.Debug|Any CPU.Build.0 = Debug|Any CPU
		{BA0D0859-8331-4E87-A8AF-FCDB5CA85C17}.Release|Any CPU.ActiveCfg = Release|Any CPU
		{BA0D0859-8331-4E87-A8AF-FCDB5CA85C17}.Release|Any CPU.Build.0 = Release|Any CPU
		{26510FBD-D343-460B-AB86-562824CBCF9C}.Debug|Any CPU.ActiveCfg = Debug|Any CPU
		{26510FBD-D343-460B-AB86-562824CBCF9C}.Debug|Any CPU.Build.0 = Debug|Any CPU
		{26510FBD-D343-460B-AB86-562824CBCF9C}.Release|Any CPU.ActiveCfg = Release|Any CPU
		{26510FBD-D343-460B-AB86-562824CBCF9C}.Release|Any CPU.Build.0 = Release|Any CPU
		{1EC944A5-D491-441D-B3DF-7AC9A2C868DD}.Debug|Any CPU.ActiveCfg = Debug|Any CPU
		{1EC944A5-D491-441D-B3DF-7AC9A2C868DD}.Debug|Any CPU.Build.0 = Debug|Any CPU
		{1EC944A5-D491-441D-B3DF-7AC9A2C868DD}.Release|Any CPU.ActiveCfg = Release|Any CPU
		{1EC944A5-D491-441D-B3DF-7AC9A2C868DD}.Release|Any CPU.Build.0 = Release|Any CPU
		{CCBF9274-3B5D-410D-AAF3-C67C6394FD68}.Debug|Any CPU.ActiveCfg = Debug|Any CPU
		{CCBF9274-3B5D-410D-AAF3-C67C6394FD68}.Debug|Any CPU.Build.0 = Debug|Any CPU
		{CCBF9274-3B5D-410D-AAF3-C67C6394FD68}.Release|Any CPU.ActiveCfg = Release|Any CPU
		{CCBF9274-3B5D-410D-AAF3-C67C6394FD68}.Release|Any CPU.Build.0 = Release|Any CPU
	EndGlobalSection
	GlobalSection(SolutionProperties) = preSolution
		HideSolutionNode = FALSE
	EndGlobalSection
	GlobalSection(Performance) = preSolution
		HasPerformanceSessions = true
	EndGlobalSection
EndGlobal
